
Microsoft Visual Studio Solution File, Format Version 12.00
# Visual Studio 15
VisualStudioVersion = 15.0.28307.572
MinimumVisualStudioVersion = 10.0.40219.1
Project("{FAE04EC0-301F-11D3-BF4B-00C04F79EFBC}") = "test0506_GitHub_take2", "test0506_GitHub_take2\test0506_GitHub_take2.csproj", "{B2CD3A6D-12AC-42FE-9B8F-7B59AD62ED6E}"
EndProject
Global
	GlobalSection(SolutionConfigurationPlatforms) = preSolution
		Debug|Any CPU = Debug|Any CPU
		Release|Any CPU = Release|Any CPU
	EndGlobalSection
	GlobalSection(ProjectConfigurationPlatforms) = postSolution
		{B2CD3A6D-12AC-42FE-9B8F-7B59AD62ED6E}.Debug|Any CPU.ActiveCfg = Debug|Any CPU
		{B2CD3A6D-12AC-42FE-9B8F-7B59AD62ED6E}.Debug|Any CPU.Build.0 = Debug|Any CPU
		{B2CD3A6D-12AC-42FE-9B8F-7B59AD62ED6E}.Release|Any CPU.ActiveCfg = Release|Any CPU
		{B2CD3A6D-12AC-42FE-9B8F-7B59AD62ED6E}.Release|Any CPU.Build.0 = Release|Any CPU
	EndGlobalSection
	GlobalSection(SolutionProperties) = preSolution
		HideSolutionNode = FALSE
	EndGlobalSection
	GlobalSection(ExtensibilityGlobals) = postSolution
		SolutionGuid = {3C79272F-7273-458A-9F08-205718504BF3}
	EndGlobalSection
EndGlobal
